
Microsoft Visual Studio Solution File, Format Version 12.00
# Visual Studio Version 16
VisualStudioVersion = 16.0.29519.87
MinimumVisualStudioVersion = 10.0.40219.1
Project("{FAE04EC0-301F-11D3-BF4B-00C04F79EFBC}") = "WashTrack", "WashTrack\WashTrack.csproj", "{819B4032-1A9D-429E-BADC-DED6B8387A2B}"
EndProject
Project("{FAE04EC0-301F-11D3-BF4B-00C04F79EFBC}") = "WashLib", "WashLib\WashLib.csproj", "{EE3F0F87-9DA8-471B-AA52-4E0055F5D750}"
EndProject
Global
	GlobalSection(SolutionConfigurationPlatforms) = preSolution
		Debug|Any CPU = Debug|Any CPU
		Release|Any CPU = Release|Any CPU
	EndGlobalSection
	GlobalSection(ProjectConfigurationPlatforms) = postSolution
		{819B4032-1A9D-429E-BADC-DED6B8387A2B}.Debug|Any CPU.ActiveCfg = Debug|Any CPU
		{819B4032-1A9D-429E-BADC-DED6B8387A2B}.Debug|Any CPU.Build.0 = Debug|Any CPU
		{819B4032-1A9D-429E-BADC-DED6B8387A2B}.Release|Any CPU.ActiveCfg = Release|Any CPU
		{819B4032-1A9D-429E-BADC-DED6B8387A2B}.Release|Any CPU.Build.0 = Release|Any CPU
		{EE3F0F87-9DA8-471B-AA52-4E0055F5D750}.Debug|Any CPU.ActiveCfg = Debug|Any CPU
		{EE3F0F87-9DA8-471B-AA52-4E0055F5D750}.Debug|Any CPU.Build.0 = Debug|Any CPU
		{EE3F0F87-9DA8-471B-AA52-4E0055F5D750}.Release|Any CPU.ActiveCfg = Release|Any CPU
		{EE3F0F87-9DA8-471B-AA52-4E0055F5D750}.Release|Any CPU.Build.0 = Release|Any CPU
	EndGlobalSection
	GlobalSection(SolutionProperties) = preSolution
		HideSolutionNode = FALSE
	EndGlobalSection
	GlobalSection(ExtensibilityGlobals) = postSolution
		SolutionGuid = {56458D34-5413-4026-AE11-034575A9567E}
	EndGlobalSection
EndGlobal
